
Microsoft Visual Studio Solution File, Format Version 12.00
# Visual Studio Version 17
VisualStudioVersion = 17.4.33122.133
MinimumVisualStudioVersion = 10.0.40219.1
Project("{FAE04EC0-301F-11D3-BF4B-00C04F79EFBC}") = "csharp-spotify-player", "csharp-spotify-player\csharp-spotify-player.csproj", "{19495829-B5DD-44DF-A0B6-326F95CF62BF}"
EndProject
Global
	GlobalSection(SolutionConfigurationPlatforms) = preSolution
		Debug|Any CPU = Debug|Any CPU
		Release|Any CPU = Release|Any CPU
	EndGlobalSection
	GlobalSection(ProjectConfigurationPlatforms) = postSolution
		{19495829-B5DD-44DF-A0B6-326F95CF62BF}.Debug|Any CPU.ActiveCfg = Debug|Any CPU
		{19495829-B5DD-44DF-A0B6-326F95CF62BF}.Debug|Any CPU.Build.0 = Debug|Any CPU
		{19495829-B5DD-44DF-A0B6-326F95CF62BF}.Release|Any CPU.ActiveCfg = Release|Any CPU
		{19495829-B5DD-44DF-A0B6-326F95CF62BF}.Release|Any CPU.Build.0 = Release|Any CPU
	EndGlobalSection
	GlobalSection(SolutionProperties) = preSolution
		HideSolutionNode = FALSE
	EndGlobalSection
	GlobalSection(ExtensibilityGlobals) = postSolution
		SolutionGuid = {8D777475-FB14-4C2A-97CE-5FCB6583F77E}
	EndGlobalSection
EndGlobal
